
Microsoft Visual Studio Solution File, Format Version 12.00
# Visual Studio Version 17
VisualStudioVersion = 17.4.32916.344
MinimumVisualStudioVersion = 10.0.40219.1
Project("{FAE04EC0-301F-11D3-BF4B-00C04F79EFBC}") = "codinkTalkAula2", "codinkTalkAula2\codinkTalkAula2.csproj", "{734A76E8-9DD4-4498-A81C-ACB6F54E67B4}"
EndProject
Global
	GlobalSection(SolutionConfigurationPlatforms) = preSolution
		Debug|Any CPU = Debug|Any CPU
		Release|Any CPU = Release|Any CPU
	EndGlobalSection
	GlobalSection(ProjectConfigurationPlatforms) = postSolution
		{734A76E8-9DD4-4498-A81C-ACB6F54E67B4}.Debug|Any CPU.ActiveCfg = Debug|Any CPU
		{734A76E8-9DD4-4498-A81C-ACB6F54E67B4}.Debug|Any CPU.Build.0 = Debug|Any CPU
		{734A76E8-9DD4-4498-A81C-ACB6F54E67B4}.Release|Any CPU.ActiveCfg = Release|Any CPU
		{734A76E8-9DD4-4498-A81C-ACB6F54E67B4}.Release|Any CPU.Build.0 = Release|Any CPU
	EndGlobalSection
	GlobalSection(SolutionProperties) = preSolution
		HideSolutionNode = FALSE
	EndGlobalSection
	GlobalSection(ExtensibilityGlobals) = postSolution
		SolutionGuid = {237AA84B-AA1B-4A7B-AB6A-952C7230806A}
	EndGlobalSection
EndGlobal
