
Microsoft Visual Studio Solution File, Format Version 12.00
# Visual Studio Version 17
VisualStudioVersion = 17.4.32916.344
MinimumVisualStudioVersion = 10.0.40219.1
Project("{FAE04EC0-301F-11D3-BF4B-00C04F79EFBC}") = "Exercicio01", "Exercicio01\Exercicio01.csproj", "{21D08C79-71C6-43C6-BF78-DC75ED015CBD}"
EndProject
Global
	GlobalSection(SolutionConfigurationPlatforms) = preSolution
		Debug|Any CPU = Debug|Any CPU
		Release|Any CPU = Release|Any CPU
	EndGlobalSection
	GlobalSection(ProjectConfigurationPlatforms) = postSolution
		{21D08C79-71C6-43C6-BF78-DC75ED015CBD}.Debug|Any CPU.ActiveCfg = Debug|Any CPU
		{21D08C79-71C6-43C6-BF78-DC75ED015CBD}.Debug|Any CPU.Build.0 = Debug|Any CPU
		{21D08C79-71C6-43C6-BF78-DC75ED015CBD}.Release|Any CPU.ActiveCfg = Release|Any CPU
		{21D08C79-71C6-43C6-BF78-DC75ED015CBD}.Release|Any CPU.Build.0 = Release|Any CPU
	EndGlobalSection
	GlobalSection(SolutionProperties) = preSolution
		HideSolutionNode = FALSE
	EndGlobalSection
	GlobalSection(ExtensibilityGlobals) = postSolution
		SolutionGuid = {AA6D7221-9DCB-4F29-9DD8-67C47738CDAF}
	EndGlobalSection
EndGlobal
