
Microsoft Visual Studio Solution File, Format Version 12.00
# Visual Studio Version 17
VisualStudioVersion = 17.4.32916.344
MinimumVisualStudioVersion = 10.0.40219.1
Project("{FAE04EC0-301F-11D3-BF4B-00C04F79EFBC}") = "Exercicio5", "Exercicio5\Exercicio5.csproj", "{EA33C7D4-9A04-4552-BC62-69CDFA6EDE4A}"
EndProject
Global
	GlobalSection(SolutionConfigurationPlatforms) = preSolution
		Debug|Any CPU = Debug|Any CPU
		Release|Any CPU = Release|Any CPU
	EndGlobalSection
	GlobalSection(ProjectConfigurationPlatforms) = postSolution
		{EA33C7D4-9A04-4552-BC62-69CDFA6EDE4A}.Debug|Any CPU.ActiveCfg = Debug|Any CPU
		{EA33C7D4-9A04-4552-BC62-69CDFA6EDE4A}.Debug|Any CPU.Build.0 = Debug|Any CPU
		{EA33C7D4-9A04-4552-BC62-69CDFA6EDE4A}.Release|Any CPU.ActiveCfg = Release|Any CPU
		{EA33C7D4-9A04-4552-BC62-69CDFA6EDE4A}.Release|Any CPU.Build.0 = Release|Any CPU
	EndGlobalSection
	GlobalSection(SolutionProperties) = preSolution
		HideSolutionNode = FALSE
	EndGlobalSection
	GlobalSection(ExtensibilityGlobals) = postSolution
		SolutionGuid = {FA48E512-B4AC-4A6D-A9CF-6406CF5DF2CC}
	EndGlobalSection
EndGlobal
