
Microsoft Visual Studio Solution File, Format Version 12.00
# Visual Studio Version 17
VisualStudioVersion = 17.3.32825.248
MinimumVisualStudioVersion = 10.0.40219.1
Project("{FAE04EC0-301F-11D3-BF4B-00C04F79EFBC}") = "ptiAlgoritmoII", "ptiAlgoritmoII\ptiAlgoritmoII.csproj", "{2A8A5CBA-9EE8-49CE-9E16-DB60CAD170E7}"
EndProject
Global
	GlobalSection(SolutionConfigurationPlatforms) = preSolution
		Debug|Any CPU = Debug|Any CPU
		Release|Any CPU = Release|Any CPU
	EndGlobalSection
	GlobalSection(ProjectConfigurationPlatforms) = postSolution
		{2A8A5CBA-9EE8-49CE-9E16-DB60CAD170E7}.Debug|Any CPU.ActiveCfg = Debug|Any CPU
		{2A8A5CBA-9EE8-49CE-9E16-DB60CAD170E7}.Debug|Any CPU.Build.0 = Debug|Any CPU
		{2A8A5CBA-9EE8-49CE-9E16-DB60CAD170E7}.Release|Any CPU.ActiveCfg = Release|Any CPU
		{2A8A5CBA-9EE8-49CE-9E16-DB60CAD170E7}.Release|Any CPU.Build.0 = Release|Any CPU
	EndGlobalSection
	GlobalSection(SolutionProperties) = preSolution
		HideSolutionNode = FALSE
	EndGlobalSection
	GlobalSection(ExtensibilityGlobals) = postSolution
		SolutionGuid = {5FB3C762-4F1B-47DD-A5C4-8E25F10FF5A6}
	EndGlobalSection
EndGlobal
